{
  "name": "ODataV4Tutorial",
  "version": "1.0.0",
  "lockfileVersion": 1,
  "requires": true,
  "dependencies": {
    "@openui5/sap.m": {
      "version": "1.62.1",
      "resolved": "https://registry.npmjs.org/@openui5/sap.m/-/sap.m-1.62.1.tgz",
      "integrity": "sha512-pI3gEyMV9WdX6n9whzMO7PoUjpj265Y0hJqZJzbsdU4S6nadrNMqY9EdSvbWOKUoy/PhiMne6/KMJdiCiPOmKQ==",
      "requires": {
        "@openui5/sap.ui.core": "1.62.1",
        "@openui5/sap.ui.unified": "1.62.1"
      }
    },
    "@openui5/sap.ui.core": {
      "version": "1.62.1",
      "resolved": "https://registry.npmjs.org/@openui5/sap.ui.core/-/sap.ui.core-1.62.1.tgz",
      "integrity": "sha512-IAHufD3NH98horPuhsBChE2BljeH1CrjMKclSxJV8zkAzjXErtW5PulDiGUtLIuFCyUV2hwvKrYUKK/b7bmKTw=="
    },
    "@openui5/sap.ui.layout": {
      "version": "1.62.1",
      "resolved": "https://registry.npmjs.org/@openui5/sap.ui.layout/-/sap.ui.layout-1.62.1.tgz",
      "integrity": "sha512-L8KOxyzqPGj+cnHXXUFmsmdo9tG9QCcUJNgjm9C+2+w2nAbvWffZpLMoyFquQvyneTV7tqzG8WGbHPiFZ7CaKA==",
      "requires": {
        "@openui5/sap.ui.core": "1.62.1"
      }
    },
    "@openui5/sap.ui.unified": {
      "version": "1.62.1",
      "resolved": "https://registry.npmjs.org/@openui5/sap.ui.unified/-/sap.ui.unified-1.62.1.tgz",
      "integrity": "sha512-2EhVt8S46B+W9GpzVBa8Pqs75jXUF7wo6Q+3/v7i8mAo9aHvblKisXwManVM4D1S52F/4+nuvd+aeGFPaXyAaA==",
      "requires": {
        "@openui5/sap.ui.core": "1.62.1"
      }
    },
    "@openui5/themelib_sap_belize": {
      "version": "1.62.1",
      "resolved": "https://registry.npmjs.org/@openui5/themelib_sap_belize/-/themelib_sap_belize-1.62.1.tgz",
      "integrity": "sha512-jrJSsPnetbZZD+JdXyI3meiOHHtU7u18D6K0tgFWqnOQEabN4/KrnM0WqE+RGOhgA/xl7gn5c4ht2T5pubNZ6Q=="
    }
  }
}
